
Microsoft Visual Studio Solution File, Format Version 12.00
# Visual Studio Version 16
VisualStudioVersion = 16.0.32802.440
MinimumVisualStudioVersion = 10.0.40219.1
Project("{FAE04EC0-301F-11D3-BF4B-00C04F79EFBC}") = "GreenTrip", "GreenTrip\GreenTrip.csproj", "{DF48C8A0-EE98-4E81-A480-6460523609ED}"
EndProject
Global
	GlobalSection(SolutionConfigurationPlatforms) = preSolution
		Debug|Any CPU = Debug|Any CPU
		Release|Any CPU = Release|Any CPU
	EndGlobalSection
	GlobalSection(ProjectConfigurationPlatforms) = postSolution
		{DF48C8A0-EE98-4E81-A480-6460523609ED}.Debug|Any CPU.ActiveCfg = Debug|Any CPU
		{DF48C8A0-EE98-4E81-A480-6460523609ED}.Debug|Any CPU.Build.0 = Debug|Any CPU
		{DF48C8A0-EE98-4E81-A480-6460523609ED}.Release|Any CPU.ActiveCfg = Release|Any CPU
		{DF48C8A0-EE98-4E81-A480-6460523609ED}.Release|Any CPU.Build.0 = Release|Any CPU
	EndGlobalSection
	GlobalSection(SolutionProperties) = preSolution
		HideSolutionNode = FALSE
	EndGlobalSection
	GlobalSection(ExtensibilityGlobals) = postSolution
		SolutionGuid = {FD4F9478-EBB9-4754-B8E3-D360FDCE8CC6}
	EndGlobalSection
EndGlobal
